// !$*UTF8*$!
{
	archiveVersion = 1;
	classes = {
	};
	objectVersion = 51;
	objects = {

/* Begin PBXBuildFile section */
		8965D92F23048C15001519BE /* AppDelegate.swift in Sources */ = {isa = PBXBuildFile; fileRef = 8965D92E23048C15001519BE /* AppDelegate.swift */; };
		8965D93123048C15001519BE /* ViewController.swift in Sources */ = {isa = PBXBuildFile; fileRef = 8965D93023048C15001519BE /* ViewController.swift */; };
		8965D93423048C15001519BE /* Main.storyboard in Resources */ = {isa = PBXBuildFile; fileRef = 8965D93223048C15001519BE /* Main.storyboard */; };
		8965D93623048C15001519BE /* Assets.xcassets in Resources */ = {isa = PBXBuildFile; fileRef = 8965D93523048C15001519BE /* Assets.xcassets */; };
		8965D93923048C15001519BE /* LaunchScreen.storyboard in Resources */ = {isa = PBXBuildFile; fileRef = 8965D93723048C15001519BE /* LaunchScreen.storyboard */; };
		8965D94A2305F334001519BE /* TheMovieDBAPI.swift in Sources */ = {isa = PBXBuildFile; fileRef = 8965D9492305F334001519BE /* TheMovieDBAPI.swift */; };
		899C71F023071B8C007AB2F0 /* AppState.swift in Sources */ = {isa = PBXBuildFile; fileRef = 899C71EF23071B8C007AB2F0 /* AppState.swift */; };
		899C71F223071FD7007AB2F0 /* NowPlayingState.swift in Sources */ = {isa = PBXBuildFile; fileRef = 899C71F123071FD7007AB2F0 /* NowPlayingState.swift */; };
		899C71F423071FEE007AB2F0 /* PopularMoviesState.swift in Sources */ = {isa = PBXBuildFile; fileRef = 899C71F323071FEE007AB2F0 /* PopularMoviesState.swift */; };
		899C71F8230722C3007AB2F0 /* MainViewController.swift in Sources */ = {isa = PBXBuildFile; fileRef = 899C71F7230722C3007AB2F0 /* MainViewController.swift */; };
		899C71FA23072833007AB2F0 /* AppReducer.swift in Sources */ = {isa = PBXBuildFile; fileRef = 899C71F923072833007AB2F0 /* AppReducer.swift */; };
		89EEA4F623072E4F004DA24A /* NowPlayingReducer.swift in Sources */ = {isa = PBXBuildFile; fileRef = 89EEA4F523072E4F004DA24A /* NowPlayingReducer.swift */; };
		89EEA4F823072E5E004DA24A /* PopularMoviesReducer.swift in Sources */ = {isa = PBXBuildFile; fileRef = 89EEA4F723072E5E004DA24A /* PopularMoviesReducer.swift */; };
		E8EA8DE97DBF9EB915BC2F44 /* Pods_TheMovieDB.framework in Frameworks */ = {isa = PBXBuildFile; fileRef = 507D69D3F0C81BAA298CF9AD /* Pods_TheMovieDB.framework */; };
/* End PBXBuildFile section */

/* Begin PBXFileReference section */
		3C1E070A8A6DB944431C3A90 /* Pods-TheMovieDB.debug.xcconfig */ = {isa = PBXFileReference; includeInIndex = 1; lastKnownFileType = text.xcconfig; name = "Pods-TheMovieDB.debug.xcconfig"; path = "Target Support Files/Pods-TheMovieDB/Pods-TheMovieDB.debug.xcconfig"; sourceTree = "<group>"; };
		507D69D3F0C81BAA298CF9AD /* Pods_TheMovieDB.framework */ = {isa = PBXFileReference; explicitFileType = wrapper.framework; includeInIndex = 0; path = Pods_TheMovieDB.framework; sourceTree = BUILT_PRODUCTS_DIR; };
		55CA374EC2D583D4C2B4C884 /* Pods-TheMovieDB.release.xcconfig */ = {isa = PBXFileReference; includeInIndex = 1; lastKnownFileType = text.xcconfig; name = "Pods-TheMovieDB.release.xcconfig"; path = "Target Support Files/Pods-TheMovieDB/Pods-TheMovieDB.release.xcconfig"; sourceTree = "<group>"; };
		8965D92B23048C15001519BE /* TheMovieDB.app */ = {isa = PBXFileReference; explicitFileType = wrapper.application; includeInIndex = 0; path = TheMovieDB.app; sourceTree = BUILT_PRODUCTS_DIR; };
		8965D92E23048C15001519BE /* AppDelegate.swift */ = {isa = PBXFileReference; lastKnownFileType = sourcecode.swift; path = AppDelegate.swift; sourceTree = "<group>"; };
		8965D93023048C15001519BE /* ViewController.swift */ = {isa = PBXFileReference; lastKnownFileType = sourcecode.swift; path = ViewController.swift; sourceTree = "<group>"; };
		8965D93323048C15001519BE /* Base */ = {isa = PBXFileReference; lastKnownFileType = file.storyboard; name = Base; path = Base.lproj/Main.storyboard; sourceTree = "<group>"; };
		8965D93523048C15001519BE /* Assets.xcassets */ = {isa = PBXFileReference; lastKnownFileType = folder.assetcatalog; path = Assets.xcassets; sourceTree = "<group>"; };
		8965D93823048C15001519BE /* Base */ = {isa = PBXFileReference; lastKnownFileType = file.storyboard; name = Base; path = Base.lproj/LaunchScreen.storyboard; sourceTree = "<group>"; };
		8965D93A23048C15001519BE /* Info.plist */ = {isa = PBXFileReference; lastKnownFileType = text.plist.xml; path = Info.plist; sourceTree = "<group>"; };
		8965D9492305F334001519BE /* TheMovieDBAPI.swift */ = {isa = PBXFileReference; lastKnownFileType = sourcecode.swift; path = TheMovieDBAPI.swift; sourceTree = "<group>"; };
		899C71EF23071B8C007AB2F0 /* AppState.swift */ = {isa = PBXFileReference; lastKnownFileType = sourcecode.swift; path = AppState.swift; sourceTree = "<group>"; };
		899C71F123071FD7007AB2F0 /* NowPlayingState.swift */ = {isa = PBXFileReference; lastKnownFileType = sourcecode.swift; path = NowPlayingState.swift; sourceTree = "<group>"; };
		899C71F323071FEE007AB2F0 /* PopularMoviesState.swift */ = {isa = PBXFileReference; lastKnownFileType = sourcecode.swift; path = PopularMoviesState.swift; sourceTree = "<group>"; };
		899C71F7230722C3007AB2F0 /* MainViewController.swift */ = {isa = PBXFileReference; lastKnownFileType = sourcecode.swift; path = MainViewController.swift; sourceTree = "<group>"; };
		899C71F923072833007AB2F0 /* AppReducer.swift */ = {isa = PBXFileReference; lastKnownFileType = sourcecode.swift; path = AppReducer.swift; sourceTree = "<group>"; };
		89EEA4F523072E4F004DA24A /* NowPlayingReducer.swift */ = {isa = PBXFileReference; lastKnownFileType = sourcecode.swift; path = NowPlayingReducer.swift; sourceTree = "<group>"; };
		89EEA4F723072E5E004DA24A /* PopularMoviesReducer.swift */ = {isa = PBXFileReference; lastKnownFileType = sourcecode.swift; path = PopularMoviesReducer.swift; sourceTree = "<group>"; };
/* End PBXFileReference section */

/* Begin PBXFrameworksBuildPhase section */
		8965D92823048C15001519BE /* Frameworks */ = {
			isa = PBXFrameworksBuildPhase;
			buildActionMask = 2147483647;
			files = (
				E8EA8DE97DBF9EB915BC2F44 /* Pods_TheMovieDB.framework in Frameworks */,
			);
			runOnlyForDeploymentPostprocessing = 0;
		};
/* End PBXFrameworksBuildPhase section */

/* Begin PBXGroup section */
		3E7EFFEBBFB7944362052536 /* Pods */ = {
			isa = PBXGroup;
			children = (
				3C1E070A8A6DB944431C3A90 /* Pods-TheMovieDB.debug.xcconfig */,
				55CA374EC2D583D4C2B4C884 /* Pods-TheMovieDB.release.xcconfig */,
			);
			path = Pods;
			sourceTree = "<group>";
		};
		8965D92223048C15001519BE = {
			isa = PBXGroup;
			children = (
				8965D92D23048C15001519BE /* TheMovieDB */,
				3E7EFFEBBFB7944362052536 /* Pods */,
				A2AF730206983A4E2D8A6D43 /* Frameworks */,
				8965D92C23048C15001519BE /* Products */,
			);
			sourceTree = "<group>";
		};
		8965D92C23048C15001519BE /* Products */ = {
			isa = PBXGroup;
			children = (
				8965D92B23048C15001519BE /* TheMovieDB.app */,
			);
			name = Products;
			sourceTree = "<group>";
		};
		8965D92D23048C15001519BE /* TheMovieDB */ = {
			isa = PBXGroup;
			children = (
				8965D9402305F25D001519BE /* Support */,
				8965D9432305F296001519BE /* Networking */,
				8965D9472305F2B0001519BE /* State */,
				8965D9462305F2A8001519BE /* ViewControllers */,
				8965D9452305F2A3001519BE /* Reducers */,
				8965D9442305F29F001519BE /* Actions */,
				8965D9412305F27B001519BE /* View */,
			);
			path = TheMovieDB;
			sourceTree = "<group>";
		};
		8965D9402305F25D001519BE /* Support */ = {
			isa = PBXGroup;
			children = (
				8965D93523048C15001519BE /* Assets.xcassets */,
				8965D92E23048C15001519BE /* AppDelegate.swift */,
				8965D93723048C15001519BE /* LaunchScreen.storyboard */,
				8965D93A23048C15001519BE /* Info.plist */,
			);
			path = Support;
			sourceTree = "<group>";
		};
		8965D9412305F27B001519BE /* View */ = {
			isa = PBXGroup;
			children = (
				899C71F7230722C3007AB2F0 /* MainViewController.swift */,
				8965D93223048C15001519BE /* Main.storyboard */,
			);
			path = View;
			sourceTree = "<group>";
		};
		8965D9432305F296001519BE /* Networking */ = {
			isa = PBXGroup;
			children = (
				8965D9492305F334001519BE /* TheMovieDBAPI.swift */,
			);
			path = Networking;
			sourceTree = "<group>";
		};
		8965D9442305F29F001519BE /* Actions */ = {
			isa = PBXGroup;
			children = (
			);
			path = Actions;
			sourceTree = "<group>";
		};
		8965D9452305F2A3001519BE /* Reducers */ = {
			isa = PBXGroup;
			children = (
				899C71F923072833007AB2F0 /* AppReducer.swift */,
				89EEA4F523072E4F004DA24A /* NowPlayingReducer.swift */,
				89EEA4F723072E5E004DA24A /* PopularMoviesReducer.swift */,
			);
			path = Reducers;
			sourceTree = "<group>";
		};
		8965D9462305F2A8001519BE /* ViewControllers */ = {
			isa = PBXGroup;
			children = (
				8965D93023048C15001519BE /* ViewController.swift */,
			);
			path = ViewControllers;
			sourceTree = "<group>";
		};
		8965D9472305F2B0001519BE /* State */ = {
			isa = PBXGroup;
			children = (
				899C71EF23071B8C007AB2F0 /* AppState.swift */,
				899C71F123071FD7007AB2F0 /* NowPlayingState.swift */,
				899C71F323071FEE007AB2F0 /* PopularMoviesState.swift */,
			);
			path = State;
			sourceTree = "<group>";
		};
		A2AF730206983A4E2D8A6D43 /* Frameworks */ = {
			isa = PBXGroup;
			children = (
				507D69D3F0C81BAA298CF9AD /* Pods_TheMovieDB.framework */,
			);
			name = Frameworks;
			sourceTree = "<group>";
		};
/* End PBXGroup section */

/* Begin PBXNativeTarget section */
		8965D92A23048C15001519BE /* TheMovieDB */ = {
			isa = PBXNativeTarget;
			buildConfigurationList = 8965D93D23048C15001519BE /* Build configuration list for PBXNativeTarget "TheMovieDB" */;
			buildPhases = (
				AF2557A45010FB86B2DE173D /* [CP] Check Pods Manifest.lock */,
				8965D92723048C15001519BE /* Sources */,
				8965D92823048C15001519BE /* Frameworks */,
				8965D92923048C15001519BE /* Resources */,
				EE1CDD69C5A87A1467BA03CD /* [CP] Embed Pods Frameworks */,
			);
			buildRules = (
			);
			dependencies = (
			);
			name = TheMovieDB;
			productName = TheMovieDB;
			productReference = 8965D92B23048C15001519BE /* TheMovieDB.app */;
			productType = "com.apple.product-type.application";
		};
/* End PBXNativeTarget section */

/* Begin PBXProject section */
		8965D92323048C15001519BE /* Project object */ = {
			isa = PBXProject;
			attributes = {
				LastSwiftUpdateCheck = 1030;
				LastUpgradeCheck = 1030;
				ORGANIZATIONNAME = "Ronald Maciel";
				TargetAttributes = {
					8965D92A23048C15001519BE = {
						CreatedOnToolsVersion = 10.3;
					};
				};
			};
			buildConfigurationList = 8965D92623048C15001519BE /* Build configuration list for PBXProject "TheMovieDB" */;
			compatibilityVersion = "Xcode 9.3";
			developmentRegion = en;
			hasScannedForEncodings = 0;
			knownRegions = (
				en,
				Base,
			);
			mainGroup = 8965D92223048C15001519BE;
			productRefGroup = 8965D92C23048C15001519BE /* Products */;
			projectDirPath = "";
			projectRoot = "";
			targets = (
				8965D92A23048C15001519BE /* TheMovieDB */,
			);
		};
/* End PBXProject section */

/* Begin PBXResourcesBuildPhase section */
		8965D92923048C15001519BE /* Resources */ = {
			isa = PBXResourcesBuildPhase;
			buildActionMask = 2147483647;
			files = (
				8965D93923048C15001519BE /* LaunchScreen.storyboard in Resources */,
				8965D93623048C15001519BE /* Assets.xcassets in Resources */,
				8965D93423048C15001519BE /* Main.storyboard in Resources */,
			);
			runOnlyForDeploymentPostprocessing = 0;
		};
/* End PBXResourcesBuildPhase section */

/* Begin PBXShellScriptBuildPhase section */
		AF2557A45010FB86B2DE173D /* [CP] Check Pods Manifest.lock */ = {
			isa = PBXShellScriptBuildPhase;
			buildActionMask = 2147483647;
			files = (
			);
			inputFileListPaths = (
			);
			inputPaths = (
				"${PODS_PODFILE_DIR_PATH}/Podfile.lock",
				"${PODS_ROOT}/Manifest.lock",
			);
			name = "[CP] Check Pods Manifest.lock";
			outputFileListPaths = (
			);
			outputPaths = (
				"$(DERIVED_FILE_DIR)/Pods-TheMovieDB-checkManifestLockResult.txt",
			);
			runOnlyForDeploymentPostprocessing = 0;
			shellPath = /bin/sh;
			shellScript = "diff \"${PODS_PODFILE_DIR_PATH}/Podfile.lock\" \"${PODS_ROOT}/Manifest.lock\" > /dev/null\nif [ $? != 0 ] ; then\n    # print error to STDERR\n    echo \"error: The sandbox is not in sync with the Podfile.lock. Run 'pod install' or update your CocoaPods installation.\" >&2\n    exit 1\nfi\n# This output is used by Xcode 'outputs' to avoid re-running this script phase.\necho \"SUCCESS\" > \"${SCRIPT_OUTPUT_FILE_0}\"\n";
			showEnvVarsInLog = 0;
		};
		EE1CDD69C5A87A1467BA03CD /* [CP] Embed Pods Frameworks */ = {
			isa = PBXShellScriptBuildPhase;
			buildActionMask = 2147483647;
			files = (
			);
			inputFileListPaths = (
				"${PODS_ROOT}/Target Support Files/Pods-TheMovieDB/Pods-TheMovieDB-frameworks-${CONFIGURATION}-input-files.xcfilelist",
			);
			name = "[CP] Embed Pods Frameworks";
			outputFileListPaths = (
				"${PODS_ROOT}/Target Support Files/Pods-TheMovieDB/Pods-TheMovieDB-frameworks-${CONFIGURATION}-output-files.xcfilelist",
			);
			runOnlyForDeploymentPostprocessing = 0;
			shellPath = /bin/sh;
			shellScript = "\"${PODS_ROOT}/Target Support Files/Pods-TheMovieDB/Pods-TheMovieDB-frameworks.sh\"\n";
			showEnvVarsInLog = 0;
		};
/* End PBXShellScriptBuildPhase section */

/* Begin PBXSourcesBuildPhase section */
		8965D92723048C15001519BE /* Sources */ = {
			isa = PBXSourcesBuildPhase;
			buildActionMask = 2147483647;
			files = (
				899C71F8230722C3007AB2F0 /* MainViewController.swift in Sources */,
				8965D93123048C15001519BE /* ViewController.swift in Sources */,
				899C71F223071FD7007AB2F0 /* NowPlayingState.swift in Sources */,
				89EEA4F823072E5E004DA24A /* PopularMoviesReducer.swift in Sources */,
				8965D92F23048C15001519BE /* AppDelegate.swift in Sources */,
				8965D94A2305F334001519BE /* TheMovieDBAPI.swift in Sources */,
				89EEA4F623072E4F004DA24A /* NowPlayingReducer.swift in Sources */,
				899C71F423071FEE007AB2F0 /* PopularMoviesState.swift in Sources */,
				899C71FA23072833007AB2F0 /* AppReducer.swift in Sources */,
				899C71F023071B8C007AB2F0 /* AppState.swift in Sources */,
			);
			runOnlyForDeploymentPostprocessing = 0;
		};
/* End PBXSourcesBuildPhase section */

/* Begin PBXVariantGroup section */
		8965D93223048C15001519BE /* Main.storyboard */ = {
			isa = PBXVariantGroup;
			children = (
				8965D93323048C15001519BE /* Base */,
			);
			name = Main.storyboard;
			sourceTree = "<group>";
		};
		8965D93723048C15001519BE /* LaunchScreen.storyboard */ = {
			isa = PBXVariantGroup;
			children = (
				8965D93823048C15001519BE /* Base */,
			);
			name = LaunchScreen.storyboard;
			sourceTree = "<group>";
		};
/* End PBXVariantGroup section */

/* Begin XCBuildConfiguration section */
		8965D93B23048C15001519BE /* Debug */ = {
			isa = XCBuildConfiguration;
			buildSettings = {
				ALWAYS_SEARCH_USER_PATHS = NO;
				CLANG_ANALYZER_NONNULL = YES;
				CLANG_ANALYZER_NUMBER_OBJECT_CONVERSION = YES_AGGRESSIVE;
				CLANG_CXX_LANGUAGE_STANDARD = "gnu++14";
				CLANG_CXX_LIBRARY = "libc++";
				CLANG_ENABLE_MODULES = YES;
				CLANG_ENABLE_OBJC_ARC = YES;
				CLANG_ENABLE_OBJC_WEAK = YES;
				CLANG_WARN_BLOCK_CAPTURE_AUTORELEASING = YES;
				CLANG_WARN_BOOL_CONVERSION = YES;
				CLANG_WARN_COMMA = YES;
				CLANG_WARN_CONSTANT_CONVERSION = YES;
				CLANG_WARN_DEPRECATED_OBJC_IMPLEMENTATIONS = YES;
				CLANG_WARN_DIRECT_OBJC_ISA_USAGE = YES_ERROR;
				CLANG_WARN_DOCUMENTATION_COMMENTS = YES;
				CLANG_WARN_EMPTY_BODY = YES;
				CLANG_WARN_ENUM_CONVERSION = YES;
				CLANG_WARN_INFINITE_RECURSION = YES;
				CLANG_WARN_INT_CONVERSION = YES;
				CLANG_WARN_NON_LITERAL_NULL_CONVERSION = YES;
				CLANG_WARN_OBJC_IMPLICIT_RETAIN_SELF = YES;
				CLANG_WARN_OBJC_LITERAL_CONVERSION = YES;
				CLANG_WARN_OBJC_ROOT_CLASS = YES_ERROR;
				CLANG_WARN_RANGE_LOOP_ANALYSIS = YES;
				CLANG_WARN_STRICT_PROTOTYPES = YES;
				CLANG_WARN_SUSPICIOUS_MOVE = YES;
				CLANG_WARN_UNGUARDED_AVAILABILITY = YES_AGGRESSIVE;
				CLANG_WARN_UNREACHABLE_CODE = YES;
				CLANG_WARN__DUPLICATE_METHOD_MATCH = YES;
				CODE_SIGN_IDENTITY = "iPhone Developer";
				COPY_PHASE_STRIP = NO;
				DEBUG_INFORMATION_FORMAT = dwarf;
				ENABLE_STRICT_OBJC_MSGSEND = YES;
				ENABLE_TESTABILITY = YES;
				GCC_C_LANGUAGE_STANDARD = gnu11;
				GCC_DYNAMIC_NO_PIC = NO;
				GCC_NO_COMMON_BLOCKS = YES;
				GCC_OPTIMIZATION_LEVEL = 0;
				GCC_PREPROCESSOR_DEFINITIONS = (
					"DEBUG=1",
					"$(inherited)",
				);
				GCC_WARN_64_TO_32_BIT_CONVERSION = YES;
				GCC_WARN_ABOUT_RETURN_TYPE = YES_ERROR;
				GCC_WARN_UNDECLARED_SELECTOR = YES;
				GCC_WARN_UNINITIALIZED_AUTOS = YES_AGGRESSIVE;
				GCC_WARN_UNUSED_FUNCTION = YES;
				GCC_WARN_UNUSED_VARIABLE = YES;
				IPHONEOS_DEPLOYMENT_TARGET = 12.4;
				MTL_ENABLE_DEBUG_INFO = INCLUDE_SOURCE;
				MTL_FAST_MATH = YES;
				ONLY_ACTIVE_ARCH = YES;
				SDKROOT = iphoneos;
				SWIFT_ACTIVE_COMPILATION_CONDITIONS = DEBUG;
				SWIFT_OPTIMIZATION_LEVEL = "-Onone";
			};
			name = Debug;
		};
		8965D93C23048C15001519BE /* Release */ = {
			isa = XCBuildConfiguration;
			buildSettings = {
				ALWAYS_SEARCH_USER_PATHS = NO;
				CLANG_ANALYZER_NONNULL = YES;
				CLANG_ANALYZER_NUMBER_OBJECT_CONVERSION = YES_AGGRESSIVE;
				CLANG_CXX_LANGUAGE_STANDARD = "gnu++14";
				CLANG_CXX_LIBRARY = "libc++";
				CLANG_ENABLE_MODULES = YES;
				CLANG_ENABLE_OBJC_ARC = YES;
				CLANG_ENABLE_OBJC_WEAK = YES;
				CLANG_WARN_BLOCK_CAPTURE_AUTORELEASING = YES;
				CLANG_WARN_BOOL_CONVERSION = YES;
				CLANG_WARN_COMMA = YES;
				CLANG_WARN_CONSTANT_CONVERSION = YES;
				CLANG_WARN_DEPRECATED_OBJC_IMPLEMENTATIONS = YES;
				CLANG_WARN_DIRECT_OBJC_ISA_USAGE = YES_ERROR;
				CLANG_WARN_DOCUMENTATION_COMMENTS = YES;
				CLANG_WARN_EMPTY_BODY = YES;
				CLANG_WARN_ENUM_CONVERSION = YES;
				CLANG_WARN_INFINITE_RECURSION = YES;
				CLANG_WARN_INT_CONVERSION = YES;
				CLANG_WARN_NON_LITERAL_NULL_CONVERSION = YES;
				CLANG_WARN_OBJC_IMPLICIT_RETAIN_SELF = YES;
				CLANG_WARN_OBJC_LITERAL_CONVERSION = YES;
				CLANG_WARN_OBJC_ROOT_CLASS = YES_ERROR;
				CLANG_WARN_RANGE_LOOP_ANALYSIS = YES;
				CLANG_WARN_STRICT_PROTOTYPES = YES;
				CLANG_WARN_SUSPICIOUS_MOVE = YES;
				CLANG_WARN_UNGUARDED_AVAILABILITY = YES_AGGRESSIVE;
				CLANG_WARN_UNREACHABLE_CODE = YES;
				CLANG_WARN__DUPLICATE_METHOD_MATCH = YES;
				CODE_SIGN_IDENTITY = "iPhone Developer";
				COPY_PHASE_STRIP = NO;
				DEBUG_INFORMATION_FORMAT = "dwarf-with-dsym";
				ENABLE_NS_ASSERTIONS = NO;
				ENABLE_STRICT_OBJC_MSGSEND = YES;
				GCC_C_LANGUAGE_STANDARD = gnu11;
				GCC_NO_COMMON_BLOCKS = YES;
				GCC_WARN_64_TO_32_BIT_CONVERSION = YES;
				GCC_WARN_ABOUT_RETURN_TYPE = YES_ERROR;
				GCC_WARN_UNDECLARED_SELECTOR = YES;
				GCC_WARN_UNINITIALIZED_AUTOS = YES_AGGRESSIVE;
				GCC_WARN_UNUSED_FUNCTION = YES;
				GCC_WARN_UNUSED_VARIABLE = YES;
				IPHONEOS_DEPLOYMENT_TARGET = 12.4;
				MTL_ENABLE_DEBUG_INFO = NO;
				MTL_FAST_MATH = YES;
				SDKROOT = iphoneos;
				SWIFT_COMPILATION_MODE = wholemodule;
				SWIFT_OPTIMIZATION_LEVEL = "-O";
				VALIDATE_PRODUCT = YES;
			};
			name = Release;
		};
		8965D93E23048C15001519BE /* Debug */ = {
			isa = XCBuildConfiguration;
			baseConfigurationReference = 3C1E070A8A6DB944431C3A90 /* Pods-TheMovieDB.debug.xcconfig */;
			buildSettings = {
				ASSETCATALOG_COMPILER_APPICON_NAME = AppIcon;
				CODE_SIGN_IDENTITY = "iPhone Developer";
				CODE_SIGN_STYLE = Automatic;
				DEVELOPMENT_TEAM = P7WV6D6894;
				INFOPLIST_FILE = "$(SRCROOT)/TheMovieDB/Support/Info.plist";
				LD_RUNPATH_SEARCH_PATHS = (
					"$(inherited)",
					"@executable_path/Frameworks",
				);
				PRODUCT_BUNDLE_IDENTIFIER = com.romaciel.TheMovieDB;
				PRODUCT_NAME = "$(TARGET_NAME)";
				PROVISIONING_PROFILE_SPECIFIER = "";
				SWIFT_VERSION = 5.0;
				TARGETED_DEVICE_FAMILY = "1,2";
			};
			name = Debug;
		};
		8965D93F23048C15001519BE /* Release */ = {
			isa = XCBuildConfiguration;
			baseConfigurationReference = 55CA374EC2D583D4C2B4C884 /* Pods-TheMovieDB.release.xcconfig */;
			buildSettings = {
				ASSETCATALOG_COMPILER_APPICON_NAME = AppIcon;
				CODE_SIGN_IDENTITY = "iPhone Developer";
				CODE_SIGN_STYLE = Automatic;
				DEVELOPMENT_TEAM = P7WV6D6894;
				INFOPLIST_FILE = "$(SRCROOT)/TheMovieDB/Support/Info.plist";
				LD_RUNPATH_SEARCH_PATHS = (
					"$(inherited)",
					"@executable_path/Frameworks",
				);
				PRODUCT_BUNDLE_IDENTIFIER = com.romaciel.TheMovieDB;
				PRODUCT_NAME = "$(TARGET_NAME)";
				PROVISIONING_PROFILE_SPECIFIER = "";
				SWIFT_VERSION = 5.0;
				TARGETED_DEVICE_FAMILY = "1,2";
			};
			name = Release;
		};
/* End XCBuildConfiguration section */

/* Begin XCConfigurationList section */
		8965D92623048C15001519BE /* Build configuration list for PBXProject "TheMovieDB" */ = {
			isa = XCConfigurationList;
			buildConfigurations = (
				8965D93B23048C15001519BE /* Debug */,
				8965D93C23048C15001519BE /* Release */,
			);
			defaultConfigurationIsVisible = 0;
			defaultConfigurationName = Release;
		};
		8965D93D23048C15001519BE /* Build configuration list for PBXNativeTarget "TheMovieDB" */ = {
			isa = XCConfigurationList;
			buildConfigurations = (
				8965D93E23048C15001519BE /* Debug */,
				8965D93F23048C15001519BE /* Release */,
			);
			defaultConfigurationIsVisible = 0;
			defaultConfigurationName = Release;
		};
/* End XCConfigurationList section */
	};
	rootObject = 8965D92323048C15001519BE /* Project object */;
}
